
Microsoft Visual Studio Solution File, Format Version 12.00
# Visual Studio Version 17
VisualStudioVersion = 17.1.32228.430
MinimumVisualStudioVersion = 10.0.40219.1
Project("{9A19103F-16F7-4668-BE54-9A1E7A4F7556}") = "BlazorDevIta.ERP.BlazorWasm.Server", "BlazorDevIta.ERP.BlazorWasm\Server\BlazorDevIta.ERP.BlazorWasm.Server.csproj", "{D9326365-7C9C-49C0-87DF-C575D73E1CCF}"
EndProject
Project("{9A19103F-16F7-4668-BE54-9A1E7A4F7556}") = "BlazorDevIta.ERP.BlazorWasm.Client", "BlazorDevIta.ERP.BlazorWasm\Client\BlazorDevIta.ERP.BlazorWasm.Client.csproj", "{E23A69D8-EC6F-4F59-95B2-23BE93DAA8D6}"
EndProject
Project("{9A19103F-16F7-4668-BE54-9A1E7A4F7556}") = "BlazorDevIta.Shared", "BlazorDevIta.Shared\BlazorDevIta.Shared.csproj", "{6F0D2826-2AB8-41FE-A824-CCD2B55C1098}"
EndProject
Project("{9A19103F-16F7-4668-BE54-9A1E7A4F7556}") = "BlazorDevIta.UI", "BlazorDevIta.UI\BlazorDevIta.UI.csproj", "{6D532F84-074A-4F1F-BE81-0F4622834A0E}"
EndProject
Project("{9A19103F-16F7-4668-BE54-9A1E7A4F7556}") = "BlazorDevIta.ERP.BlazorServer", "BlazorDevIta.ERP.BlazorServer\BlazorDevIta.ERP.BlazorServer.csproj", "{F24A7138-463C-4441-9C20-8DDCBC0314FC}"
EndProject
Project("{FAE04EC0-301F-11D3-BF4B-00C04F79EFBC}") = "BlazorDevIta.ERP.Infrastructure", "BlazorDevIta.ERP.Infrastructure\BlazorDevIta.ERP.Infrastructure.csproj", "{6BA7FBCF-67A9-4601-A39A-39CC383C9F2D}"
EndProject
Project("{FAE04EC0-301F-11D3-BF4B-00C04F79EFBC}") = "BlazorDevIta.ERP.Infrastructure.EF", "BlazorDevIta.ERP.Infrastructure.EF\BlazorDevIta.ERP.Infrastructure.EF.csproj", "{F27C958B-4DD5-4DA6-9E99-64C2FECF14EE}"
EndProject
Global
	GlobalSection(SolutionConfigurationPlatforms) = preSolution
		Debug|Any CPU = Debug|Any CPU
		Release|Any CPU = Release|Any CPU
	EndGlobalSection
	GlobalSection(ProjectConfigurationPlatforms) = postSolution
		{D9326365-7C9C-49C0-87DF-C575D73E1CCF}.Debug|Any CPU.ActiveCfg = Debug|Any CPU
		{D9326365-7C9C-49C0-87DF-C575D73E1CCF}.Debug|Any CPU.Build.0 = Debug|Any CPU
		{D9326365-7C9C-49C0-87DF-C575D73E1CCF}.Release|Any CPU.ActiveCfg = Release|Any CPU
		{D9326365-7C9C-49C0-87DF-C575D73E1CCF}.Release|Any CPU.Build.0 = Release|Any CPU
		{E23A69D8-EC6F-4F59-95B2-23BE93DAA8D6}.Debug|Any CPU.ActiveCfg = Debug|Any CPU
		{E23A69D8-EC6F-4F59-95B2-23BE93DAA8D6}.Debug|Any CPU.Build.0 = Debug|Any CPU
		{E23A69D8-EC6F-4F59-95B2-23BE93DAA8D6}.Release|Any CPU.ActiveCfg = Release|Any CPU
		{E23A69D8-EC6F-4F59-95B2-23BE93DAA8D6}.Release|Any CPU.Build.0 = Release|Any CPU
		{6F0D2826-2AB8-41FE-A824-CCD2B55C1098}.Debug|Any CPU.ActiveCfg = Debug|Any CPU
		{6F0D2826-2AB8-41FE-A824-CCD2B55C1098}.Debug|Any CPU.Build.0 = Debug|Any CPU
		{6F0D2826-2AB8-41FE-A824-CCD2B55C1098}.Release|Any CPU.ActiveCfg = Release|Any CPU
		{6F0D2826-2AB8-41FE-A824-CCD2B55C1098}.Release|Any CPU.Build.0 = Release|Any CPU
		{6D532F84-074A-4F1F-BE81-0F4622834A0E}.Debug|Any CPU.ActiveCfg = Debug|Any CPU
		{6D532F84-074A-4F1F-BE81-0F4622834A0E}.Debug|Any CPU.Build.0 = Debug|Any CPU
		{6D532F84-074A-4F1F-BE81-0F4622834A0E}.Release|Any CPU.ActiveCfg = Release|Any CPU
		{6D532F84-074A-4F1F-BE81-0F4622834A0E}.Release|Any CPU.Build.0 = Release|Any CPU
		{F24A7138-463C-4441-9C20-8DDCBC0314FC}.Debug|Any CPU.ActiveCfg = Debug|Any CPU
		{F24A7138-463C-4441-9C20-8DDCBC0314FC}.Debug|Any CPU.Build.0 = Debug|Any CPU
		{F24A7138-463C-4441-9C20-8DDCBC0314FC}.Release|Any CPU.ActiveCfg = Release|Any CPU
		{F24A7138-463C-4441-9C20-8DDCBC0314FC}.Release|Any CPU.Build.0 = Release|Any CPU
		{6BA7FBCF-67A9-4601-A39A-39CC383C9F2D}.Debug|Any CPU.ActiveCfg = Debug|Any CPU
		{6BA7FBCF-67A9-4601-A39A-39CC383C9F2D}.Debug|Any CPU.Build.0 = Debug|Any CPU
		{6BA7FBCF-67A9-4601-A39A-39CC383C9F2D}.Release|Any CPU.ActiveCfg = Release|Any CPU
		{6BA7FBCF-67A9-4601-A39A-39CC383C9F2D}.Release|Any CPU.Build.0 = Release|Any CPU
		{F27C958B-4DD5-4DA6-9E99-64C2FECF14EE}.Debug|Any CPU.ActiveCfg = Debug|Any CPU
		{F27C958B-4DD5-4DA6-9E99-64C2FECF14EE}.Debug|Any CPU.Build.0 = Debug|Any CPU
		{F27C958B-4DD5-4DA6-9E99-64C2FECF14EE}.Release|Any CPU.ActiveCfg = Release|Any CPU
		{F27C958B-4DD5-4DA6-9E99-64C2FECF14EE}.Release|Any CPU.Build.0 = Release|Any CPU
	EndGlobalSection
	GlobalSection(SolutionProperties) = preSolution
		HideSolutionNode = FALSE
	EndGlobalSection
	GlobalSection(ExtensibilityGlobals) = postSolution
		SolutionGuid = {82272916-D3E4-460F-900E-2E0AAF6B7037}
	EndGlobalSection
EndGlobal
